apiVersion: vendir.k14s.io/v1alpha1
directories:
- contents:
  - git:
      commitTitle: 'refactor!: datastore conditions (#1087)...'
      sha: 309d9889e8eefe40b4c6c6843ad9683959f02e5e
      tags:
      - edge-26.2.5
    path: kamaji
  path: vendor
- contents:
  - directory: {}
    path: .
  path: helm/kamaji
- contents:
  - directory: {}
    path: .
  path: helm/kamaji-crds
kind: LockConfig
